
Microsoft Visual Studio Solution File, Format Version 12.00
# Visual Studio Version 16
VisualStudioVersion = 16.0.29926.136
MinimumVisualStudioVersion = 10.0.40219.1
Project("{F184B08F-C81C-45F6-A57F-5ABD9991F28F}") = "201700763_NOTAS", "201700763_NOTAS\201700763_NOTAS.vbproj", "{0425BA9B-8CD6-412B-8C3F-D0DA36F2221A}"
EndProject
Global
	GlobalSection(SolutionConfigurationPlatforms) = preSolution
		Debug|Any CPU = Debug|Any CPU
		Release|Any CPU = Release|Any CPU
	EndGlobalSection
	GlobalSection(ProjectConfigurationPlatforms) = postSolution
		{0425BA9B-8CD6-412B-8C3F-D0DA36F2221A}.Debug|Any CPU.ActiveCfg = Debug|Any CPU
		{0425BA9B-8CD6-412B-8C3F-D0DA36F2221A}.Debug|Any CPU.Build.0 = Debug|Any CPU
		{0425BA9B-8CD6-412B-8C3F-D0DA36F2221A}.Release|Any CPU.ActiveCfg = Release|Any CPU
		{0425BA9B-8CD6-412B-8C3F-D0DA36F2221A}.Release|Any CPU.Build.0 = Release|Any CPU
	EndGlobalSection
	GlobalSection(SolutionProperties) = preSolution
		HideSolutionNode = FALSE
	EndGlobalSection
	GlobalSection(ExtensibilityGlobals) = postSolution
		SolutionGuid = {7FDA8DD9-9588-4D1A-B6F9-D0BF27DFEF8C}
	EndGlobalSection
EndGlobal
